# @generated - this file is auto-generated by `mise lock` https://mise.jdx.dev/dev-tools/mise-lock.html

lockfile_version = 1

[[tools.actionlint]]
version = "1.7.11"
backend = "aqua:rhysd/actionlint"
specifiers = ["1.7.11"]

[tools.actionlint."platforms.linux-arm64"]
checksum = "sha256:21bc0dfb57a913fe175298c2a9e906ee630f747cb66d0a934d0d4b69f4ee1235"
url = "https://github.com/rhysd/actionlint/releases/download/v1.7.11/actionlint_1.7.11_linux_arm64.tar.gz"
url_api = "https://api.github.com/repos/rhysd/actionlint/releases/assets/355827685"
provenance = "github-attestations"

[tools.actionlint."platforms.linux-arm64-musl"]
checksum = "sha256:21bc0dfb57a913fe175298c2a9e906ee630f747cb66d0a934d0d4b69f4ee1235"
url = "https://github.com/rhysd/actionlint/releases/download/v1.7.11/actionlint_1.7.11_linux_arm64.tar.gz"
url_api = "https://api.github.com/repos/rhysd/actionlint/releases/assets/355827685"
provenance = "github-attestations"

[tools.actionlint."platforms.linux-x64"]
checksum = "sha256:900919a84f2229bac68ca9cd4103ea297abc35e9689ebb842c6e34a3d1b01b0a"
url = "https://github.com/rhysd/actionlint/releases/download/v1.7.11/actionlint_1.7.11_linux_amd64.tar.gz"
url_api = "https://api.github.com/repos/rhysd/actionlint/releases/assets/355827683"
provenance = "github-attestations"

[tools.actionlint."platforms.linux-x64-musl"]
checksum = "sha256:900919a84f2229bac68ca9cd4103ea297abc35e9689ebb842c6e34a3d1b01b0a"
url = "https://github.com/rhysd/actionlint/releases/download/v1.7.11/actionlint_1.7.11_linux_amd64.tar.gz"
url_api = "https://api.github.com/repos/rhysd/actionlint/releases/assets/355827683"
provenance = "github-attestations"

[tools.actionlint."platforms.macos-arm64"]
checksum = "sha256:a21ba7366d8329e7223faee0ed69eb13da27fe8acabb356bb7eb0b7f1e1cb6d8"
url = "https://github.com/rhysd/actionlint/releases/download/v1.7.11/actionlint_1.7.11_darwin_arm64.tar.gz"
url_api = "https://api.github.com/repos/rhysd/actionlint/releases/assets/355827684"
provenance = "github-attestations"

[tools.actionlint."platforms.macos-x64"]
checksum = "sha256:17ffc17fed8f0258ef6ad4aed932d3272464c7ef7d64e1cb0d65aa97c9752107"
url = "https://github.com/rhysd/actionlint/releases/download/v1.7.11/actionlint_1.7.11_darwin_amd64.tar.gz"
url_api = "https://api.github.com/repos/rhysd/actionlint/releases/assets/355827686"
provenance = "github-attestations"

[tools.actionlint."platforms.windows-x64"]
checksum = "sha256:5414b7124a91f4b5abee62e5c9d84802237734f8d15b9b7032732a32c3ebffa3"
url = "https://github.com/rhysd/actionlint/releases/download/v1.7.11/actionlint_1.7.11_windows_amd64.zip"
url_api = "https://api.github.com/repos/rhysd/actionlint/releases/assets/355827689"
provenance = "github-attestations"

[[tools."aqua:koalaman/shellcheck"]]
version = "0.11.0"
backend = "aqua:koalaman/shellcheck"
specifiers = ["0.11.0"]

[tools."aqua:koalaman/shellcheck"."platforms.linux-arm64"]
checksum = "sha256:12b331c1d2db6b9eb13cfca64306b1b157a86eb69db83023e261eaa7e7c14588"
url = "https://github.com/koalaman/shellcheck/releases/download/v0.11.0/shellcheck-v0.11.0.linux.aarch64.tar.xz"
url_api = "https://api.github.com/repos/koalaman/shellcheck/releases/assets/279056934"

[tools."aqua:koalaman/shellcheck"."platforms.linux-arm64-musl"]
checksum = "sha256:12b331c1d2db6b9eb13cfca64306b1b157a86eb69db83023e261eaa7e7c14588"
url = "https://github.com/koalaman/shellcheck/releases/download/v0.11.0/shellcheck-v0.11.0.linux.aarch64.tar.xz"
url_api = "https://api.github.com/repos/koalaman/shellcheck/releases/assets/279056934"

[tools."aqua:koalaman/shellcheck"."platforms.linux-x64"]
checksum = "sha256:8c3be12b05d5c177a04c29e3c78ce89ac86f1595681cab149b65b97c4e227198"
url = "https://github.com/koalaman/shellcheck/releases/download/v0.11.0/shellcheck-v0.11.0.linux.x86_64.tar.xz"
url_api = "https://api.github.com/repos/koalaman/shellcheck/releases/assets/279056942"

[tools."aqua:koalaman/shellcheck"."platforms.linux-x64-musl"]
checksum = "sha256:8c3be12b05d5c177a04c29e3c78ce89ac86f1595681cab149b65b97c4e227198"
url = "https://github.com/koalaman/shellcheck/releases/download/v0.11.0/shellcheck-v0.11.0.linux.x86_64.tar.xz"
url_api = "https://api.github.com/repos/koalaman/shellcheck/releases/assets/279056942"

[tools."aqua:koalaman/shellcheck"."platforms.macos-arm64"]
checksum = "sha256:56affdd8de5527894dca6dc3d7e0a99a873b0f004d7aabc30ae407d3f48b0a79"
url = "https://github.com/koalaman/shellcheck/releases/download/v0.11.0/shellcheck-v0.11.0.darwin.aarch64.tar.xz"
url_api = "https://api.github.com/repos/koalaman/shellcheck/releases/assets/279056932"

[tools."aqua:koalaman/shellcheck"."platforms.macos-x64"]
checksum = "sha256:3c89db4edcab7cf1c27bff178882e0f6f27f7afdf54e859fa041fca10febe4c6"
url = "https://github.com/koalaman/shellcheck/releases/download/v0.11.0/shellcheck-v0.11.0.darwin.x86_64.tar.xz"
url_api = "https://api.github.com/repos/koalaman/shellcheck/releases/assets/279056930"

[tools."aqua:koalaman/shellcheck"."platforms.windows-x64"]
checksum = "sha256:8a4e35ab0b331c85d73567b12f2a444df187f483e5079ceffa6bda1faa2e740e"
url = "https://github.com/koalaman/shellcheck/releases/download/v0.11.0/shellcheck-v0.11.0.zip"
url_api = "https://api.github.com/repos/koalaman/shellcheck/releases/assets/279056944"

[[tools."aqua:realm/SwiftLint"]]
version = "0.65.0"
backend = "aqua:realm/SwiftLint"
specifiers = ["0.65.0"]

[tools."aqua:realm/SwiftLint"."platforms.linux-arm64"]
checksum = "sha256:12d3b84bc5b69ae13a99a5a5c79904f9ce25867f099f6368d0037854f9ee6c26"
url = "https://github.com/realm/SwiftLint/releases/download/0.65.0/swiftlint_linux_arm64.zip"
url_api = "https://api.github.com/repos/realm/SwiftLint/releases/assets/459315166"

[tools."aqua:realm/SwiftLint"."platforms.linux-arm64-musl"]
checksum = "sha256:12d3b84bc5b69ae13a99a5a5c79904f9ce25867f099f6368d0037854f9ee6c26"
url = "https://github.com/realm/SwiftLint/releases/download/0.65.0/swiftlint_linux_arm64.zip"
url_api = "https://api.github.com/repos/realm/SwiftLint/releases/assets/459315166"

[tools."aqua:realm/SwiftLint"."platforms.linux-x64"]
checksum = "sha256:79306a34e5c7cc55a220cd108cbb861dcad5f10138dcdf261e2624ae8b0a486b"
url = "https://github.com/realm/SwiftLint/releases/download/0.65.0/swiftlint_linux_amd64.zip"
url_api = "https://api.github.com/repos/realm/SwiftLint/releases/assets/459315165"

[tools."aqua:realm/SwiftLint"."platforms.linux-x64-musl"]
checksum = "sha256:79306a34e5c7cc55a220cd108cbb861dcad5f10138dcdf261e2624ae8b0a486b"
url = "https://github.com/realm/SwiftLint/releases/download/0.65.0/swiftlint_linux_amd64.zip"
url_api = "https://api.github.com/repos/realm/SwiftLint/releases/assets/459315165"

[tools."aqua:realm/SwiftLint"."platforms.macos-arm64"]
checksum = "sha256:d6cb0aa7a2f5f1ef306fc9e37bcb54dc9a26facc8f7784ac0c3dd3eccf5c6ba6"
url = "https://github.com/realm/SwiftLint/releases/download/0.65.0/portable_swiftlint.zip"
url_api = "https://api.github.com/repos/realm/SwiftLint/releases/assets/459315152"

[tools."aqua:realm/SwiftLint"."platforms.macos-x64"]
checksum = "sha256:d6cb0aa7a2f5f1ef306fc9e37bcb54dc9a26facc8f7784ac0c3dd3eccf5c6ba6"
url = "https://github.com/realm/SwiftLint/releases/download/0.65.0/portable_swiftlint.zip"
url_api = "https://api.github.com/repos/realm/SwiftLint/releases/assets/459315152"

[[tools."asdf:mise-plugins/mise-swiftformat"]]
version = "0.62.1"
backend = "asdf:mise-plugins/mise-swiftformat"
specifiers = ["0.62.1"]

[[tools.gh]]
version = "2.98.0"
backend = "aqua:cli/cli"
specifiers = ["latest"]

[tools.gh."platforms.linux-arm64"]
checksum = "sha256:cf689084f3a3618f7eae4a2420d335d74626d65f5e594b9828d125d69f800d86"
url = "https://github.com/cli/cli/releases/download/v2.98.0/gh_2.98.0_linux_arm64.tar.gz"
url_api = "https://api.github.com/repos/cli/cli/releases/assets/522857902"
provenance = "github-attestations"

[tools.gh."platforms.linux-arm64-musl"]
checksum = "sha256:cf689084f3a3618f7eae4a2420d335d74626d65f5e594b9828d125d69f800d86"
url = "https://github.com/cli/cli/releases/download/v2.98.0/gh_2.98.0_linux_arm64.tar.gz"
url_api = "https://api.github.com/repos/cli/cli/releases/assets/522857902"
provenance = "github-attestations"

[tools.gh."platforms.linux-x64"]
checksum = "sha256:3b8ac6b30336802fc1a858d7c084e11cdf24ac1a761ca90b68022d7d729208de"
url = "https://github.com/cli/cli/releases/download/v2.98.0/gh_2.98.0_linux_amd64.tar.gz"
url_api = "https://api.github.com/repos/cli/cli/releases/assets/522857901"
provenance = "github-attestations"

[tools.gh."platforms.linux-x64-musl"]
checksum = "sha256:3b8ac6b30336802fc1a858d7c084e11cdf24ac1a761ca90b68022d7d729208de"
url = "https://github.com/cli/cli/releases/download/v2.98.0/gh_2.98.0_linux_amd64.tar.gz"
url_api = "https://api.github.com/repos/cli/cli/releases/assets/522857901"
provenance = "github-attestations"

[tools.gh."platforms.macos-arm64"]
checksum = "sha256:8cfb027cc5310675f2b830eac8f9865c1155a45ffcf9757f699fdd5a22046ca4"
url = "https://github.com/cli/cli/releases/download/v2.98.0/gh_2.98.0_macOS_arm64.zip"
url_api = "https://api.github.com/repos/cli/cli/releases/assets/522857972"
provenance = "github-attestations"

[tools.gh."platforms.macos-x64"]
checksum = "sha256:734c7bbd0bc56a3974500ee9aea74d60f0e5b89be09e92b9d9148939a3a1e0e6"
url = "https://github.com/cli/cli/releases/download/v2.98.0/gh_2.98.0_macOS_amd64.zip"
url_api = "https://api.github.com/repos/cli/cli/releases/assets/522857971"
provenance = "github-attestations"

[tools.gh."platforms.windows-x64"]
checksum = "sha256:c28c7b3b584967a05b74d9eaf7481bff24ddc34930bf2d6e442c148236561eb1"
url = "https://github.com/cli/cli/releases/download/v2.98.0/gh_2.98.0_windows_amd64.zip"
url_api = "https://api.github.com/repos/cli/cli/releases/assets/522857996"
provenance = "github-attestations"

[[tools.lefthook]]
version = "2.1.12"
backend = "aqua:evilmartians/lefthook"
specifiers = ["2.1.12"]

[tools.lefthook."platforms.linux-arm64"]
checksum = "sha256:d96ac16753f6d3d69b92098621c2a2427522a9c2c3e78cd7c9b4a9790b0b8f17"
url = "https://github.com/evilmartians/lefthook/releases/download/v2.1.12/lefthook_2.1.12_Linux_aarch64.gz"
url_api = "https://api.github.com/repos/evilmartians/lefthook/releases/assets/533627819"
provenance = "github-attestations"

[tools.lefthook."platforms.linux-arm64-musl"]
checksum = "sha256:d96ac16753f6d3d69b92098621c2a2427522a9c2c3e78cd7c9b4a9790b0b8f17"
url = "https://github.com/evilmartians/lefthook/releases/download/v2.1.12/lefthook_2.1.12_Linux_aarch64.gz"
url_api = "https://api.github.com/repos/evilmartians/lefthook/releases/assets/533627819"
provenance = "github-attestations"

[tools.lefthook."platforms.linux-x64"]
checksum = "sha256:dad908593c859d139b886c14913a44401d95288aa7642d9bdf6f3bd36bd788ff"
url = "https://github.com/evilmartians/lefthook/releases/download/v2.1.12/lefthook_2.1.12_Linux_x86_64.gz"
url_api = "https://api.github.com/repos/evilmartians/lefthook/releases/assets/533627780"
provenance = "github-attestations"

[tools.lefthook."platforms.linux-x64-musl"]
checksum = "sha256:dad908593c859d139b886c14913a44401d95288aa7642d9bdf6f3bd36bd788ff"
url = "https://github.com/evilmartians/lefthook/releases/download/v2.1.12/lefthook_2.1.12_Linux_x86_64.gz"
url_api = "https://api.github.com/repos/evilmartians/lefthook/releases/assets/533627780"
provenance = "github-attestations"

[tools.lefthook."platforms.macos-arm64"]
checksum = "sha256:f23eac328ca50c7b775dc24dc275cdeacb65e16cf8bd1745d18e3c563f704f94"
url = "https://github.com/evilmartians/lefthook/releases/download/v2.1.12/lefthook_2.1.12_MacOS_arm64.gz"
url_api = "https://api.github.com/repos/evilmartians/lefthook/releases/assets/533627758"
provenance = "github-attestations"

[tools.lefthook."platforms.macos-x64"]
checksum = "sha256:83c8591d338b1b789944480d9effe2807adc903cf27e4a16ab013e39d7723c31"
url = "https://github.com/evilmartians/lefthook/releases/download/v2.1.12/lefthook_2.1.12_MacOS_x86_64.gz"
url_api = "https://api.github.com/repos/evilmartians/lefthook/releases/assets/533627775"
provenance = "github-attestations"

[tools.lefthook."platforms.windows-x64"]
checksum = "sha256:c642d9ad8818faff1379e1b72321b4baddd0d6f20ffd7303f59386bb6abfd6e9"
url = "https://github.com/evilmartians/lefthook/releases/download/v2.1.12/lefthook_2.1.12_Windows_x86_64.gz"
url_api = "https://api.github.com/repos/evilmartians/lefthook/releases/assets/533627801"
provenance = "github-attestations"

[[tools.node]]
version = "22.23.2"
backend = "core:node"
specifiers = ["22"]

[tools.node."platforms.linux-arm64"]
checksum = "sha256:013b59cfd2819703a6f4a14ab891fc46fc2a4e3f5bcd92de3fb4929b43e35b30"
url = "https://nodejs.org/dist/v22.23.2/node-v22.23.2-linux-arm64.tar.gz"

[tools.node."platforms.linux-arm64-musl"]
checksum = "sha256:b7a1a2b1c7c76e47550f17764676939840e0a64b4d04bdd375a4ac14bccaa8d8"
url = "https://unofficial-builds.nodejs.org/download/release/v22.23.2/node-v22.23.2-linux-arm64-musl.tar.gz"

[tools.node."platforms.linux-x64"]
checksum = "sha256:b294a556e639d64338823920e5866c21c02741742d2e1529ee1a225c1ec9252a"
url = "https://nodejs.org/dist/v22.23.2/node-v22.23.2-linux-x64.tar.gz"

[tools.node."platforms.linux-x64-musl"]
checksum = "sha256:396e11ee609eb2e5cb990f045c4d037aa47b2c247f3cecb01c5c162e33ffa9af"
url = "https://unofficial-builds.nodejs.org/download/release/v22.23.2/node-v22.23.2-linux-x64-musl.tar.gz"

[tools.node."platforms.macos-arm64"]
checksum = "sha256:61130f394c1630d211dd50aecc4353d379480f36d3ac913cd85dbba1aed585c6"
url = "https://nodejs.org/dist/v22.23.2/node-v22.23.2-darwin-arm64.tar.gz"

[tools.node."platforms.macos-x64"]
checksum = "sha256:58e99022c2ff89395576cc7fd4d98cea24bb68081475d5f88b801ee8729fb026"
url = "https://nodejs.org/dist/v22.23.2/node-v22.23.2-darwin-x64.tar.gz"

[tools.node."platforms.windows-x64"]
checksum = "sha256:1177b4137ba5adaa56354ae40f1080c7450e8ae09cecb47da459d1c52ac99f97"
url = "https://nodejs.org/dist/v22.23.2/node-v22.23.2-win-x64.zip"

[[tools."npm:@taplo/cli"]]
version = "0.7.0"
backend = "npm:@taplo/cli"
specifiers = ["0.7.0"]

[[tools."npm:markdownlint-cli2"]]
version = "0.23.2"
backend = "npm:markdownlint-cli2"
specifiers = ["0.23.2"]

[[tools."npm:oxfmt"]]
version = "0.65.0"
backend = "npm:oxfmt"
specifiers = ["0.65.0"]

[[tools."npm:oxlint"]]
version = "1.76.0"
backend = "npm:oxlint"
specifiers = ["1.76.0"]

[[tools.python]]
version = "3.12.13"
backend = "core:python"
specifiers = ["3.12"]

[tools.python."platforms.linux-arm64"]
checksum = "sha256:11e713ae1f969385907a76533cc554f6b2e3f1a84896009f91c3fc871034a170"
url = "https://github.com/astral-sh/python-build-standalone/releases/download/20260807/cpython-3.12.13+20260807-aarch64-unknown-linux-gnu-install_only_stripped.tar.gz"
provenance = "github-attestations"

[tools.python."platforms.linux-arm64-musl"]
checksum = "sha256:0c9164b6f4ab0768bbcdf84683aabd680e8d75fa8347c6cecfdc5dad817ffd08"
url = "https://github.com/astral-sh/python-build-standalone/releases/download/20260807/cpython-3.12.13+20260807-aarch64-unknown-linux-musl-install_only_stripped.tar.gz"
provenance = "github-attestations"

[tools.python."platforms.linux-x64"]
checksum = "sha256:506191be3ee7bd190a8834dcdc1b3bc70aab50608deccc711935aa007239cabd"
url = "https://github.com/astral-sh/python-build-standalone/releases/download/20260807/cpython-3.12.13+20260807-x86_64-unknown-linux-gnu-install_only_stripped.tar.gz"
provenance = "github-attestations"

[tools.python."platforms.linux-x64-musl"]
checksum = "sha256:dbe1e98775846b1503e0135353bbd47c51f02b0fc3dcf822ea82386921af1fbd"
url = "https://github.com/astral-sh/python-build-standalone/releases/download/20260807/cpython-3.12.13+20260807-x86_64-unknown-linux-musl-install_only_stripped.tar.gz"
provenance = "github-attestations"

[tools.python."platforms.macos-arm64"]
checksum = "sha256:25baa97c65b3f0aa90e21131b4f9e80aef8899e8144006db8a9d2c1ab9e807e3"
url = "https://github.com/astral-sh/python-build-standalone/releases/download/20260807/cpython-3.12.13+20260807-aarch64-apple-darwin-install_only_stripped.tar.gz"
provenance = "github-attestations"

[tools.python."platforms.macos-x64"]
checksum = "sha256:127053f1736f721e391ddb46f07585d05756e15bb8d757d3bbc0519738998ba1"
url = "https://github.com/astral-sh/python-build-standalone/releases/download/20260807/cpython-3.12.13+20260807-x86_64-apple-darwin-install_only_stripped.tar.gz"
provenance = "github-attestations"

[tools.python."platforms.windows-x64"]
checksum = "sha256:18bcc65b17921806b72cdc88bcf000bf67a2c99a8fc381fe1629f2b9ba56858d"
url = "https://github.com/astral-sh/python-build-standalone/releases/download/20260807/cpython-3.12.13+20260807-x86_64-pc-windows-msvc-install_only_stripped.tar.gz"
provenance = "github-attestations"

[[tools.ruff]]
version = "0.16.0"
backend = "aqua:astral-sh/ruff"
specifiers = ["0.16.0"]

[tools.ruff."platforms.linux-arm64"]
checksum = "sha256:879d4f0ca1a7f21a4afc6ef9345118b8a75aa2bc4aae9e41e0474994d0ef0a4f"
url = "https://github.com/astral-sh/ruff/releases/download/0.16.0/ruff-aarch64-unknown-linux-gnu.tar.gz"
url_api = "https://api.github.com/repos/astral-sh/ruff/releases/assets/487540068"
provenance = "github-attestations"

[tools.ruff."platforms.linux-arm64-musl"]
checksum = "sha256:7a6add3d38768dfa00c6d3853e9bd940b5526f3fbb76f02b1fe77ec0653f1e0e"
url = "https://github.com/astral-sh/ruff/releases/download/0.16.0/ruff-aarch64-unknown-linux-musl.tar.gz"
url_api = "https://api.github.com/repos/astral-sh/ruff/releases/assets/487540070"
provenance = "github-attestations"

[tools.ruff."platforms.linux-x64"]
checksum = "sha256:98001c995a134d95f9bc83106a7f94b552971b583f1c0ab75fb656a881e13865"
url = "https://github.com/astral-sh/ruff/releases/download/0.16.0/ruff-x86_64-unknown-linux-gnu.tar.gz"
url_api = "https://api.github.com/repos/astral-sh/ruff/releases/assets/487540123"
provenance = "github-attestations"

[tools.ruff."platforms.linux-x64-musl"]
checksum = "sha256:2138b7bc58ff877f5bba09aea4cc984ad5699433b6a3f811003527b8cff8e9ad"
url = "https://github.com/astral-sh/ruff/releases/download/0.16.0/ruff-x86_64-unknown-linux-musl.tar.gz"
url_api = "https://api.github.com/repos/astral-sh/ruff/releases/assets/487540129"
provenance = "github-attestations"

[tools.ruff."platforms.macos-arm64"]
checksum = "sha256:ce6564491a2cc4b0659f45ee174dbef17e4dec24e03a9c03d313b5430bc21099"
url = "https://github.com/astral-sh/ruff/releases/download/0.16.0/ruff-aarch64-apple-darwin.tar.gz"
url_api = "https://api.github.com/repos/astral-sh/ruff/releases/assets/487540064"
provenance = "github-attestations"

[tools.ruff."platforms.macos-x64"]
checksum = "sha256:3d9ef6228c4eeb26d593c398b2dc5250e0f6d6425933db2993fcf30d49c78b69"
url = "https://github.com/astral-sh/ruff/releases/download/0.16.0/ruff-x86_64-apple-darwin.tar.gz"
url_api = "https://api.github.com/repos/astral-sh/ruff/releases/assets/487540116"
provenance = "github-attestations"

[tools.ruff."platforms.windows-x64"]
checksum = "sha256:c5d1185c47261f86361d03b547da25be79120226a6f1721d623b2aba9d27668b"
url = "https://github.com/astral-sh/ruff/releases/download/0.16.0/ruff-x86_64-pc-windows-msvc.zip"
url_api = "https://api.github.com/repos/astral-sh/ruff/releases/assets/487540121"
provenance = "github-attestations"

[[tools.shfmt]]
version = "3.13.1"
backend = "aqua:mvdan/sh"
specifiers = ["3.13.1"]

[tools.shfmt."platforms.linux-arm64"]
checksum = "sha256:32d92acaa5cd8abb29fc49dac123dc412442d5713967819d8af2c29f1b3857c7"
url = "https://github.com/mvdan/sh/releases/download/v3.13.1/shfmt_v3.13.1_linux_arm64"
url_api = "https://api.github.com/repos/mvdan/sh/releases/assets/390322859"

[tools.shfmt."platforms.linux-arm64-musl"]
checksum = "sha256:32d92acaa5cd8abb29fc49dac123dc412442d5713967819d8af2c29f1b3857c7"
url = "https://github.com/mvdan/sh/releases/download/v3.13.1/shfmt_v3.13.1_linux_arm64"
url_api = "https://api.github.com/repos/mvdan/sh/releases/assets/390322859"

[tools.shfmt."platforms.linux-x64"]
checksum = "sha256:fb096c5d1ac6beabbdbaa2874d025badb03ee07929f0c9ff67563ce8c75398b1"
url = "https://github.com/mvdan/sh/releases/download/v3.13.1/shfmt_v3.13.1_linux_amd64"
url_api = "https://api.github.com/repos/mvdan/sh/releases/assets/390322866"

[tools.shfmt."platforms.linux-x64-musl"]
checksum = "sha256:fb096c5d1ac6beabbdbaa2874d025badb03ee07929f0c9ff67563ce8c75398b1"
url = "https://github.com/mvdan/sh/releases/download/v3.13.1/shfmt_v3.13.1_linux_amd64"
url_api = "https://api.github.com/repos/mvdan/sh/releases/assets/390322866"

[tools.shfmt."platforms.macos-arm64"]
checksum = "sha256:9680526be4a66ea1ffe988ed08af58e1400fe1e4f4aef5bd88b20bb9b3da33f8"
url = "https://github.com/mvdan/sh/releases/download/v3.13.1/shfmt_v3.13.1_darwin_arm64"
url_api = "https://api.github.com/repos/mvdan/sh/releases/assets/390322881"

[tools.shfmt."platforms.macos-x64"]
checksum = "sha256:6feedafc72915794163114f512348e2437d080d0047ef8b8fa2ec63b575f12af"
url = "https://github.com/mvdan/sh/releases/download/v3.13.1/shfmt_v3.13.1_darwin_amd64"
url_api = "https://api.github.com/repos/mvdan/sh/releases/assets/390322886"

[tools.shfmt."platforms.windows-x64"]
checksum = "sha256:60cd368533d0ad73fa86d93d5bbf95ef40587245ce684ed138c1b31557b5fe97"
url = "https://github.com/mvdan/sh/releases/download/v3.13.1/shfmt_v3.13.1_windows_amd64.exe"
url_api = "https://api.github.com/repos/mvdan/sh/releases/assets/390322844"

[[tools.yamllint]]
version = "1.38.0"
backend = "pipx:yamllint"
specifiers = ["1.38.0"]
